{
  "lockfileVersion": 1,
  "workspaces": {
    "": {
      "name": "circuit",
      "devDependencies": {
        "@tscircuit/core": "^0.0.382",
        "@types/react": "^19.1.2",
      },
    },
  },
  "packages": {
    "@lume/kiwi": ["@lume/kiwi@0.4.4", "", {}, "sha512-ie0YTKgiZqD4TXlJ4eUbfi4UEoKs6YlLRYNTfPm5eUXwfudTBmPRs7Qcxz2SWKDpVTwThv3sWG6zwtyAA0nPpw=="],

    "@tscircuit/capacity-autorouter": ["@tscircuit/capacity-autorouter@0.0.52", "", { "peerDependencies": { "typescript": "^5.7.3" } }, "sha512-ipniZAmeTbnEGbwDNYGOM5X8d7aSvZl0JMG10CntHgXnjZ4foKlXB1g59bE9R60kJsR/8+/T5oip3fCYIvZm3Q=="],

    "@tscircuit/checks": ["@tscircuit/checks@0.0.37", "", { "dependencies": { "@tscircuit/math-utils": "^0.0.13", "circuit-json-to-connectivity-map": "^0.0.20" }, "peerDependencies": { "circuit-json": "*", "typescript": "^5.5.3" } }, "sha512-v89OWJNN/z9oW98TP2HAmB8R03TeQ56mJk5T3Gk+S+j5MRJHpDMBvBZQCaiHynaRgzATGdotsEjR/GiWP9MnKQ=="],

    "@tscircuit/circuit-json-util": ["@tscircuit/circuit-json-util@0.0.47", "", { "dependencies": { "parsel-js": "^1.1.2" }, "peerDependencies": { "circuit-json": "*", "transformation-matrix": "*", "zod": "*" } }, "sha512-IUEPGJT5WcDo7Eudtgqs8Ia+zzBWtFIuuLtUguYMBHnnt037CKBStpaGGGDCLzRq2Bmsf4ynxMN3Sb0JWGsz4w=="],

    "@tscircuit/core": ["@tscircuit/core@0.0.382", "", { "dependencies": { "@lume/kiwi": "^0.4.3", "@tscircuit/capacity-autorouter": "^0.0.52", "@tscircuit/checks": "^0.0.37", "@tscircuit/circuit-json-util": "^0.0.47", "@tscircuit/infgrid-ijump-astar": "^0.0.33", "@tscircuit/math-utils": "^0.0.14", "@tscircuit/props": "^0.0.172", "@tscircuit/schematic-autolayout": "^0.0.6", "circuit-json": "0.0.159", "circuit-json-to-connectivity-map": "^0.0.20", "css-select": "^5.1.0", "format-si-unit": "^0.0.3", "nanoid": "^5.0.7", "performance-now": "^2.1.0", "react-reconciler": "^0.31.0", "react-reconciler-18": "npm:react-reconciler@0.29.2", "schematic-symbols": "^0.0.121", "transformation-matrix": "^2.16.1", "zod": "^3.23.8" }, "peerDependencies": { "@tscircuit/footprinter": "*", "typescript": "^5.0.0" } }, "sha512-agXUeeTY+zVCAOS5DFNL8YPnUyDszWU9F2zr8IhTdCW3nGEQZKUiBI97lgETFuVJYRvAR+eo/9YS1OmwOnDseg=="],

    "@tscircuit/footprinter": ["@tscircuit/footprinter@0.0.151", "", { "dependencies": { "@tscircuit/mm": "^0.0.8", "zod": "^3.23.8" }, "peerDependencies": { "circuit-json": "*" } }, "sha512-+n8lSqNFcw9vbymkA3brMmKuZL5rvnhHvOH04A7lcUl6XQHUTUB800Ypse3O6NRirBxiVYWmn5DgTpxwlbX0Lw=="],

    "@tscircuit/infgrid-ijump-astar": ["@tscircuit/infgrid-ijump-astar@0.0.33", "", {}, "sha512-tmX4Esp+HqyIGCUD43steVUH8pKRuyBNs21r4NlApGGLu+K1XSrK9FinhVJyMiEsuwJdajLnMTzmVt8vSYSafA=="],

    "@tscircuit/layout": ["@tscircuit/layout@0.0.29", "", { "dependencies": { "@tscircuit/soup-util": "*", "transformation-matrix": "^2.16.1", "zod": "*" }, "peerDependencies": { "@tscircuit/manual-edit-events": "*", "@tscircuit/schematic-autolayout": "*", "circuit-json": "*" } }, "sha512-3V1SikE147UT/ag8/BRX5oBjYc6H0ZdV+7Et+ljp8fMyQy2P9EMbNKjS0yaXI1SSNgxfnEmDWqImw1JB0oWeXg=="],

    "@tscircuit/manual-edit-events": ["@tscircuit/manual-edit-events@0.0.6", "", { "dependencies": { "zod": "^3.23.8" } }, "sha512-PLgy+/Dsw1YcnNVNqfieNGTNIaRKRJ70Jt2LcSMljwaBOtsiOwtdzj24xCYO9XzJUZc7opKytShMlx863PehTQ=="],

    "@tscircuit/math-utils": ["@tscircuit/math-utils@0.0.14", "", { "peerDependencies": { "typescript": "^5.0.0" } }, "sha512-sCkCnxW2yPb88OrMs52hM//sjQDy9stqchHo0WeMi6eZjo5zl4CXcDFYWmsG0UIrzkAVuoddhvrYPwDuyqayOA=="],

    "@tscircuit/mm": ["@tscircuit/mm@0.0.8", "", { "peerDependencies": { "typescript": "^5.0.0" } }, "sha512-nl7nxE7AhARbKuobflI0LUzoir7+wJyvwfPw6bzA/O0Q3YTcH3vBkU/Of+V/fp6ht+AofiCXj7YAH9E446138Q=="],

    "@tscircuit/props": ["@tscircuit/props@0.0.172", "", { "peerDependencies": { "@tscircuit/layout": "*", "circuit-json": "*", "react": "*", "zod": "*" } }, "sha512-RKC8g5kBy8+XnT7gjvhXPYR9hogEQJ9Nh0MMRAC3rMyqO3kBCuB2UZduEUwvREyoo42mwN2qlyydDlnIu41Ztg=="],

    "@tscircuit/schematic-autolayout": ["@tscircuit/schematic-autolayout@0.0.6", "", { "dependencies": { "@tscircuit/soup-util": "^0.0.38", "transformation-matrix": "^2.16.1" } }, "sha512-34cQxtlSylBKyHkzaMBCynaWJgN9c/mWm7cz63StTYIafKmfFs383K8Xoc4QX8HXCvVrHYl1aK15onZua9MxeA=="],

    "@tscircuit/soup-util": ["@tscircuit/soup-util@0.0.38", "", { "dependencies": { "parsel-js": "^1.1.2" }, "peerDependencies": { "circuit-json": "*", "transformation-matrix": "*", "zod": "*" } }, "sha512-GdcuFxk+qnJZv+eI7ZoJ1MJEseFgRyaztMtQ/OXA2SUnxyPEH0UTy9vkhKTm+8GTePryEgdXcc65TgUyrr44ww=="],

    "@types/react": ["@types/react@19.1.2", "", { "dependencies": { "csstype": "^3.0.2" } }, "sha512-oxLPMytKchWGbnQM9O7D67uPa9paTNxO7jVoNMXgkkErULBPhPARCfkKL9ytcIJJRGjbsVwW4ugJzyFFvm/Tiw=="],

    "boolbase": ["boolbase@1.0.0", "", {}, "sha512-JZOSA7Mo9sNGB8+UjSgzdLtokWAky1zbztM3WRLCbZ70/3cTANmQmOdR7y2g+J0e2WXywy1yS468tY+IruqEww=="],

    "circuit-json": ["circuit-json@0.0.159", "", { "dependencies": { "nanoid": "^5.0.7", "zod": "^3.23.6" } }, "sha512-NW2xGkLGhjCas6EMvbSjnpak9GV9+axJZnTh6fdu4UHVj97EMMtZOZs9/n4AEyjKexZ9SOknQiW7fTaUkvdnGA=="],

    "circuit-json-to-connectivity-map": ["circuit-json-to-connectivity-map@0.0.20", "", { "dependencies": { "@tscircuit/math-utils": "^0.0.9" }, "peerDependencies": { "typescript": "^5.0.0" } }, "sha512-q8McyEomIZdprsSjGQv5puKLlMOM5w9EGRYA4TxaHPBLe03BoqVoN8wQxhdqmmbe4Tpa30KQFH9eISGVMs6HGg=="],

    "css-select": ["css-select@5.1.0", "", { "dependencies": { "boolbase": "^1.0.0", "css-what": "^6.1.0", "domhandler": "^5.0.2", "domutils": "^3.0.1", "nth-check": "^2.0.1" } }, "sha512-nwoRF1rvRRnnCqqY7updORDsuqKzqYJ28+oSMaJMMgOauh3fvwHqMS7EZpIPqK8GL+g9mKxF1vP/ZjSeNjEVHg=="],

    "css-what": ["css-what@6.1.0", "", {}, "sha512-HTUrgRJ7r4dsZKU6GjmpfRK1O76h97Z8MfS1G0FozR+oF2kG6Vfe8JE6zwrkbxigziPHinCJ+gCPjA9EaBDtRw=="],

    "csstype": ["csstype@3.1.3", "", {}, "sha512-M1uQkMl8rQK/szD0LNhtqxIPLpimGm8sOBwU7lLnCpSbTyY3yeU1Vc7l4KT5zT4s/yOxHH5O7tIuuLOCnLADRw=="],

    "dom-serializer": ["dom-serializer@2.0.0", "", { "dependencies": { "domelementtype": "^2.3.0", "domhandler": "^5.0.2", "entities": "^4.2.0" } }, "sha512-wIkAryiqt/nV5EQKqQpo3SToSOV9J0DnbJqwK7Wv/Trc92zIAYZ4FlMu+JPFW1DfGFt81ZTCGgDEabffXeLyJg=="],

    "domelementtype": ["domelementtype@2.3.0", "", {}, "sha512-OLETBj6w0OsagBwdXnPdN0cnMfF9opN69co+7ZrbfPGrdpPVNBUj02spi6B1N7wChLQiPn4CSH/zJvXw56gmHw=="],

    "domhandler": ["domhandler@5.0.3", "", { "dependencies": { "domelementtype": "^2.3.0" } }, "sha512-cgwlv/1iFQiFnU96XXgROh8xTeetsnJiDsTc7TYCLFd9+/WNkIqPTxiM/8pSd8VIrhXGTf1Ny1q1hquVqDJB5w=="],

    "domutils": ["domutils@3.2.2", "", { "dependencies": { "dom-serializer": "^2.0.0", "domelementtype": "^2.3.0", "domhandler": "^5.0.3" } }, "sha512-6kZKyUajlDuqlHKVX1w7gyslj9MPIXzIFiz/rGu35uC1wMi+kMhQwGhl4lt9unC9Vb9INnY9Z3/ZA3+FhASLaw=="],

    "entities": ["entities@4.5.0", "", {}, "sha512-V0hjH4dGPh9Ao5p0MoRY6BVqtwCjhz6vI5LT8AJ55H+4g9/4vbHx1I54fS0XuclLhDHArPQCiMjDxjaL8fPxhw=="],

    "format-si-unit": ["format-si-unit@0.0.3", "", { "peerDependencies": { "typescript": "^5.0.0" } }, "sha512-rhw1g1mOoLV497FtKNbzBPE4fJXfWRmIEPRO0DKXpEPvS54vRLjG8e1jE4vOcjZg4bsoOPJkM9jB6yGk+0XKmQ=="],

    "js-tokens": ["js-tokens@4.0.0", "", {}, "sha512-RdJUflcE3cUzKiMqQgsCu06FPu9UdIJO0beYbPhHN4k6apgJtifcoCtT9bcxOpYBtpD2kCM6Sbzg4CausW/PKQ=="],

    "loose-envify": ["loose-envify@1.4.0", "", { "dependencies": { "js-tokens": "^3.0.0 || ^4.0.0" }, "bin": { "loose-envify": "cli.js" } }, "sha512-lyuxPGr/Wfhrlem2CL/UcnUc1zcqKAImBDzukY7Y5F/yQiNdko6+fRLevlw1HgMySw7f611UIY408EtxRSoK3Q=="],

    "nanoid": ["nanoid@5.1.5", "", { "bin": { "nanoid": "bin/nanoid.js" } }, "sha512-Ir/+ZpE9fDsNH0hQ3C68uyThDXzYcim2EqcZ8zn8Chtt1iylPT9xXJB0kPCnqzgcEGikO9RxSrh63MsmVCU7Fw=="],

    "nth-check": ["nth-check@2.1.1", "", { "dependencies": { "boolbase": "^1.0.0" } }, "sha512-lqjrjmaOoAnWfMmBPL+XNnynZh2+swxiX3WUE0s4yEHI6m+AwrK2UZOimIRl3X/4QctVqS8AiZjFqyOGrMXb/w=="],

    "parsel-js": ["parsel-js@1.2.1", "", {}, "sha512-omFBig09mUh/NjBGba4DxVFAsqCY4C/6UYIaJuDOxJw2GlpgUJdPlNF301971gCP3Gt727+F+NZIXN483VAKIg=="],

    "performance-now": ["performance-now@2.1.0", "", {}, "sha512-7EAHlyLHI56VEIdK57uwHdHKIaAGbnXPiw0yWbarQZOKaKpvUIgW0jWRVLiatnM+XXlSwsanIBH/hzGMJulMow=="],

    "react": ["react@19.1.0", "", {}, "sha512-FS+XFBNvn3GTAWq26joslQgWNoFu08F4kl0J4CgdNKADkdSGXQyTCnKteIAJy96Br6YbpEU1LSzV5dYtjMkMDg=="],

    "react-reconciler": ["react-reconciler@0.31.0", "", { "dependencies": { "scheduler": "^0.25.0" }, "peerDependencies": { "react": "^19.0.0" } }, "sha512-7Ob7Z+URmesIsIVRjnLoDGwBEG/tVitidU0nMsqX/eeJaLY89RISO/10ERe0MqmzuKUUB1rmY+h1itMbUHg9BQ=="],

    "react-reconciler-18": ["react-reconciler@0.29.2", "", { "dependencies": { "loose-envify": "^1.1.0", "scheduler": "^0.23.2" }, "peerDependencies": { "react": "^18.3.1" } }, "sha512-zZQqIiYgDCTP/f1N/mAR10nJGrPD2ZR+jDSEsKWJHYC7Cm2wodlwbR3upZRdC3cjIjSlTLNVyO7Iu0Yy7t2AYg=="],

    "scheduler": ["scheduler@0.25.0", "", {}, "sha512-xFVuu11jh+xcO7JOAGJNOXld8/TcEHK/4CituBUeUb5hqxJLj9YuemAEuvm9gQ/+pgXYfbQuqAkiYu+u7YEsNA=="],

    "schematic-symbols": ["schematic-symbols@0.0.121", "", { "peerDependencies": { "typescript": "^5.5.4" } }, "sha512-xqWY43VC10wIVL+Kf8PlHj27Ojr7JdFeFHTRoSvmc6zvHirPQiXlnb3l70BerZQy6S/EOH+Q9yGRADYU0m8T1w=="],

    "transformation-matrix": ["transformation-matrix@2.16.1", "", {}, "sha512-tdtC3wxVEuzU7X/ydL131Q3JU5cPMEn37oqVLITjRDSDsnSHVFzW2JiCLfZLIQEgWzZHdSy3J6bZzvKEN24jGA=="],

    "typescript": ["typescript@5.8.3", "", { "bin": { "tsc": "bin/tsc", "tsserver": "bin/tsserver" } }, "sha512-p1diW6TqL9L07nNxvRMM7hMMw4c5XOo/1ibL4aAIGmSAt9slTE1Xgw5KWuof2uTOvCg9BY7ZRi+GaF+7sfgPeQ=="],

    "zod": ["zod@3.24.3", "", {}, "sha512-HhY1oqzWCQWuUqvBFnsyrtZRhyPeR7SUGv+C4+MsisMuVfSPx8HpwWqH8tRahSlt6M3PiFAcoeFhZAqIXTxoSg=="],

    "@tscircuit/checks/@tscircuit/math-utils": ["@tscircuit/math-utils@0.0.13", "", { "peerDependencies": { "typescript": "^5.0.0" } }, "sha512-Iq3HmMas4qRClFLzB0LrlLcQAlcIXU5dTo9dAM4TjU/ztPoOyqm5BZYV//UVwM/abdkRZD3kTPEBpPvqnSHnCQ=="],

    "circuit-json-to-connectivity-map/@tscircuit/math-utils": ["@tscircuit/math-utils@0.0.9", "", { "peerDependencies": { "typescript": "^5.0.0" } }, "sha512-sPzfXndijet8z29X6f5vnSZddiso2tRg7m6rB+268bVj60mxnxUMD14rKuMlLn6n84fMOpD/X7pRTZUfi6M+Tg=="],

    "react-reconciler-18/scheduler": ["scheduler@0.23.2", "", { "dependencies": { "loose-envify": "^1.1.0" } }, "sha512-UOShsPwz7NrMUqhR6t0hWjFduvOzbtv7toDH1/hIrfRNIDBnnBWd0CwJTGvTpngVlmwGCdP9/Zl/tVrDqcuYzQ=="],
  }
}
